// !$*UTF8*$!
{
	archiveVersion = 1;
	classes = {
	};
	objectVersion = 55;
	objects = {

/* Begin PBXBuildFile section */
		09985FD328196FFD000ABFEF /* PlayViewController.swift in Sources */ = {isa = PBXBuildFile; fileRef = 09985FD228196FFD000ABFEF /* PlayViewController.swift */; };
		09A46A97281AA5E1006B716A /* TableViewCell.swift in Sources */ = {isa = PBXBuildFile; fileRef = 09A46A96281AA5E1006B716A /* TableViewCell.swift */; };
		09A46A99281B439A006B716A /* Player.swift in Sources */ = {isa = PBXBuildFile; fileRef = 09A46A98281B439A006B716A /* Player.swift */; };
		09A46AA3281BDC6A006B716A /* historyViewController.swift in Sources */ = {isa = PBXBuildFile; fileRef = 09A46AA2281BDC6A006B716A /* historyViewController.swift */; };
		09DE5FF42818A0FC00B3D4F3 /* AppDelegate.swift in Sources */ = {isa = PBXBuildFile; fileRef = 09DE5FF32818A0FC00B3D4F3 /* AppDelegate.swift */; };
		09DE5FF62818A0FC00B3D4F3 /* SceneDelegate.swift in Sources */ = {isa = PBXBuildFile; fileRef = 09DE5FF52818A0FC00B3D4F3 /* SceneDelegate.swift */; };
		09DE5FFB2818A0FC00B3D4F3 /* Main.storyboard in Resources */ = {isa = PBXBuildFile; fileRef = 09DE5FF92818A0FC00B3D4F3 /* Main.storyboard */; };
		09DE5FFD2818A0FE00B3D4F3 /* Assets.xcassets in Resources */ = {isa = PBXBuildFile; fileRef = 09DE5FFC2818A0FE00B3D4F3 /* Assets.xcassets */; };
		09DE60002818A0FE00B3D4F3 /* LaunchScreen.storyboard in Resources */ = {isa = PBXBuildFile; fileRef = 09DE5FFE2818A0FE00B3D4F3 /* LaunchScreen.storyboard */; };
/* End PBXBuildFile section */

/* Begin PBXFileReference section */
		09985FD228196FFD000ABFEF /* PlayViewController.swift */ = {isa = PBXFileReference; lastKnownFileType = sourcecode.swift; name = PlayViewController.swift; path = ../PlayViewController.swift; sourceTree = "<group>"; };
		09A46A96281AA5E1006B716A /* TableViewCell.swift */ = {isa = PBXFileReference; lastKnownFileType = sourcecode.swift; path = TableViewCell.swift; sourceTree = "<group>"; };
		09A46A98281B439A006B716A /* Player.swift */ = {isa = PBXFileReference; lastKnownFileType = sourcecode.swift; path = Player.swift; sourceTree = "<group>"; };
		09A46AA2281BDC6A006B716A /* historyViewController.swift */ = {isa = PBXFileReference; lastKnownFileType = sourcecode.swift; path = historyViewController.swift; sourceTree = "<group>"; };
		09DE5FF02818A0FC00B3D4F3 /* lifecounter2.app */ = {isa = PBXFileReference; explicitFileType = wrapper.application; includeInIndex = 0; path = lifecounter2.app; sourceTree = BUILT_PRODUCTS_DIR; };
		09DE5FF32818A0FC00B3D4F3 /* AppDelegate.swift */ = {isa = PBXFileReference; lastKnownFileType = sourcecode.swift; path = AppDelegate.swift; sourceTree = "<group>"; };
		09DE5FF52818A0FC00B3D4F3 /* SceneDelegate.swift */ = {isa = PBXFileReference; lastKnownFileType = sourcecode.swift; path = SceneDelegate.swift; sourceTree = "<group>"; };
		09DE5FFA2818A0FC00B3D4F3 /* Base */ = {isa = PBXFileReference; lastKnownFileType = file.storyboard; name = Base; path = Base.lproj/Main.storyboard; sourceTree = "<group>"; };
		09DE5FFC2818A0FE00B3D4F3 /* Assets.xcassets */ = {isa = PBXFileReference; lastKnownFileType = folder.assetcatalog; path = Assets.xcassets; sourceTree = "<group>"; };
		09DE5FFF2818A0FE00B3D4F3 /* Base */ = {isa = PBXFileReference; lastKnownFileType = file.storyboard; name = Base; path = Base.lproj/LaunchScreen.storyboard; sourceTree = "<group>"; };
		09DE60012818A0FE00B3D4F3 /* Info.plist */ = {isa = PBXFileReference; lastKnownFileType = text.plist.xml; path = Info.plist; sourceTree = "<group>"; };
/* End PBXFileReference section */

/* Begin PBXFrameworksBuildPhase section */
		09DE5FED2818A0FC00B3D4F3 /* Frameworks */ = {
			isa = PBXFrameworksBuildPhase;
			buildActionMask = 2147483647;
			files = (
			);
			runOnlyForDeploymentPostprocessing = 0;
		};
/* End PBXFrameworksBuildPhase section */

/* Begin PBXGroup section */
		09DE5FE72818A0FC00B3D4F3 = {
			isa = PBXGroup;
			children = (
				09DE5FF22818A0FC00B3D4F3 /* lifecounter2 */,
				09DE5FF12818A0FC00B3D4F3 /* Products */,
			);
			sourceTree = "<group>";
		};
		09DE5FF12818A0FC00B3D4F3 /* Products */ = {
			isa = PBXGroup;
			children = (
				09DE5FF02818A0FC00B3D4F3 /* lifecounter2.app */,
			);
			name = Products;
			sourceTree = "<group>";
		};
		09DE5FF22818A0FC00B3D4F3 /* lifecounter2 */ = {
			isa = PBXGroup;
			children = (
				09A46A98281B439A006B716A /* Player.swift */,
				09A46A96281AA5E1006B716A /* TableViewCell.swift */,
				09A46AA2281BDC6A006B716A /* historyViewController.swift */,
				09985FD228196FFD000ABFEF /* PlayViewController.swift */,
				09DE5FF32818A0FC00B3D4F3 /* AppDelegate.swift */,
				09DE5FF52818A0FC00B3D4F3 /* SceneDelegate.swift */,
				09DE5FF92818A0FC00B3D4F3 /* Main.storyboard */,
				09DE5FFC2818A0FE00B3D4F3 /* Assets.xcassets */,
				09DE5FFE2818A0FE00B3D4F3 /* LaunchScreen.storyboard */,
				09DE60012818A0FE00B3D4F3 /* Info.plist */,
			);
			path = lifecounter2;
			sourceTree = "<group>";
		};
/* End PBXGroup section */

/* Begin PBXNativeTarget section */
		09DE5FEF2818A0FC00B3D4F3 /* lifecounter2 */ = {
			isa = PBXNativeTarget;
			buildConfigurationList = 09DE60042818A0FE00B3D4F3 /* Build configuration list for PBXNativeTarget "lifecounter2" */;
			buildPhases = (
				09DE5FEC2818A0FC00B3D4F3 /* Sources */,
				09DE5FED2818A0FC00B3D4F3 /* Frameworks */,
				09DE5FEE2818A0FC00B3D4F3 /* Resources */,
			);
			buildRules = (
			);
			dependencies = (
			);
			name = lifecounter2;
			productName = lifecounter2;
			productReference = 09DE5FF02818A0FC00B3D4F3 /* lifecounter2.app */;
			productType = "com.apple.product-type.application";
		};
/* End PBXNativeTarget section */

/* Begin PBXProject section */
		09DE5FE82818A0FC00B3D4F3 /* Project object */ = {
			isa = PBXProject;
			attributes = {
				BuildIndependentTargetsInParallel = 1;
				LastSwiftUpdateCheck = 1330;
				LastUpgradeCheck = 1330;
				TargetAttributes = {
					09DE5FEF2818A0FC00B3D4F3 = {
						CreatedOnToolsVersion = 13.3.1;
					};
				};
			};
			buildConfigurationList = 09DE5FEB2818A0FC00B3D4F3 /* Build configuration list for PBXProject "lifecounter2" */;
			compatibilityVersion = "Xcode 13.0";
			developmentRegion = en;
			hasScannedForEncodings = 0;
			knownRegions = (
				en,
				Base,
			);
			mainGroup = 09DE5FE72818A0FC00B3D4F3;
			productRefGroup = 09DE5FF12818A0FC00B3D4F3 /* Products */;
			projectDirPath = "";
			projectRoot = "";
			targets = (
				09DE5FEF2818A0FC00B3D4F3 /* lifecounter2 */,
			);
		};
/* End PBXProject section */

/* Begin PBXResourcesBuildPhase section */
		09DE5FEE2818A0FC00B3D4F3 /* Resources */ = {
			isa = PBXResourcesBuildPhase;
			buildActionMask = 2147483647;
			files = (
				09DE60002818A0FE00B3D4F3 /* LaunchScreen.storyboard in Resources */,
				09DE5FFD2818A0FE00B3D4F3 /* Assets.xcassets in Resources */,
				09DE5FFB2818A0FC00B3D4F3 /* Main.storyboard in Resources */,
			);
			runOnlyForDeploymentPostprocessing = 0;
		};
/* End PBXResourcesBuildPhase section */

/* Begin PBXSourcesBuildPhase section */
		09DE5FEC2818A0FC00B3D4F3 /* Sources */ = {
			isa = PBXSourcesBuildPhase;
			buildActionMask = 2147483647;
			files = (
				09A46A97281AA5E1006B716A /* TableViewCell.swift in Sources */,
				09985FD328196FFD000ABFEF /* PlayViewController.swift in Sources */,
				09DE5FF42818A0FC00B3D4F3 /* AppDelegate.swift in Sources */,
				09A46A99281B439A006B716A /* Player.swift in Sources */,
				09DE5FF62818A0FC00B3D4F3 /* SceneDelegate.swift in Sources */,
				09A46AA3281BDC6A006B716A /* historyViewController.swift in Sources */,
			);
			runOnlyForDeploymentPostprocessing = 0;
		};
/* End PBXSourcesBuildPhase section */

/* Begin PBXVariantGroup section */
		09DE5FF92818A0FC00B3D4F3 /* Main.storyboard */ = {
			isa = PBXVariantGroup;
			children = (
				09DE5FFA2818A0FC00B3D4F3 /* Base */,
			);
			name = Main.storyboard;
			sourceTree = "<group>";
		};
		09DE5FFE2818A0FE00B3D4F3 /* LaunchScreen.storyboard */ = {
			isa = PBXVariantGroup;
			children = (
				09DE5FFF2818A0FE00B3D4F3 /* Base */,
			);
			name = LaunchScreen.storyboard;
			sourceTree = "<group>";
		};
/* End PBXVariantGroup section */

/* Begin XCBuildConfiguration section */
		09DE60022818A0FE00B3D4F3 /* Debug */ = {
			isa = XCBuildConfiguration;
			buildSettings = {
				ALWAYS_SEARCH_USER_PATHS = NO;
				CLANG_ANALYZER_NONNULL = YES;
				CLANG_ANALYZER_NUMBER_OBJECT_CONVERSION = YES_AGGRESSIVE;
				CLANG_CXX_LANGUAGE_STANDARD = "gnu++17";
				CLANG_ENABLE_MODULES = YES;
				CLANG_ENABLE_OBJC_ARC = YES;
				CLANG_ENABLE_OBJC_WEAK = YES;
				CLANG_WARN_BLOCK_CAPTURE_AUTORELEASING = YES;
				CLANG_WARN_BOOL_CONVERSION = YES;
				CLANG_WARN_COMMA = YES;
				CLANG_WARN_CONSTANT_CONVERSION = YES;
				CLANG_WARN_DEPRECATED_OBJC_IMPLEMENTATIONS = YES;
				CLANG_WARN_DIRECT_OBJC_ISA_USAGE = YES_ERROR;
				CLANG_WARN_DOCUMENTATION_COMMENTS = YES;
				CLANG_WARN_EMPTY_BODY = YES;
				CLANG_WARN_ENUM_CONVERSION = YES;
				CLANG_WARN_INFINITE_RECURSION = YES;
				CLANG_WARN_INT_CONVERSION = YES;
				CLANG_WARN_NON_LITERAL_NULL_CONVERSION = YES;
				CLANG_WARN_OBJC_IMPLICIT_RETAIN_SELF = YES;
				CLANG_WARN_OBJC_LITERAL_CONVERSION = YES;
				CLANG_WARN_OBJC_ROOT_CLASS = YES_ERROR;
				CLANG_WARN_QUOTED_INCLUDE_IN_FRAMEWORK_HEADER = YES;
				CLANG_WARN_RANGE_LOOP_ANALYSIS = YES;
				CLANG_WARN_STRICT_PROTOTYPES = YES;
				CLANG_WARN_SUSPICIOUS_MOVE = YES;
				CLANG_WARN_UNGUARDED_AVAILABILITY = YES_AGGRESSIVE;
				CLANG_WARN_UNREACHABLE_CODE = YES;
				CLANG_WARN__DUPLICATE_METHOD_MATCH = YES;
				COPY_PHASE_STRIP = NO;
				DEBUG_INFORMATION_FORMAT = dwarf;
				ENABLE_STRICT_OBJC_MSGSEND = YES;
				ENABLE_TESTABILITY = YES;
				GCC_C_LANGUAGE_STANDARD = gnu11;
				GCC_DYNAMIC_NO_PIC = NO;
				GCC_NO_COMMON_BLOCKS = YES;
				GCC_OPTIMIZATION_LEVEL = 0;
				GCC_PREPROCESSOR_DEFINITIONS = (
					"DEBUG=1",
					"$(inherited)",
				);
				GCC_WARN_64_TO_32_BIT_CONVERSION = YES;
				GCC_WARN_ABOUT_RETURN_TYPE = YES_ERROR;
				GCC_WARN_UNDECLARED_SELECTOR = YES;
				GCC_WARN_UNINITIALIZED_AUTOS = YES_AGGRESSIVE;
				GCC_WARN_UNUSED_FUNCTION = YES;
				GCC_WARN_UNUSED_VARIABLE = YES;
				IPHONEOS_DEPLOYMENT_TARGET = 15.4;
				MTL_ENABLE_DEBUG_INFO = INCLUDE_SOURCE;
				MTL_FAST_MATH = YES;
				ONLY_ACTIVE_ARCH = YES;
				SDKROOT = iphoneos;
				SWIFT_ACTIVE_COMPILATION_CONDITIONS = DEBUG;
				SWIFT_OPTIMIZATION_LEVEL = "-Onone";
			};
			name = Debug;
		};
		09DE60032818A0FE00B3D4F3 /* Release */ = {
			isa = XCBuildConfiguration;
			buildSettings = {
				ALWAYS_SEARCH_USER_PATHS = NO;
				CLANG_ANALYZER_NONNULL = YES;
				CLANG_ANALYZER_NUMBER_OBJECT_CONVERSION = YES_AGGRESSIVE;
				CLANG_CXX_LANGUAGE_STANDARD = "gnu++17";
				CLANG_ENABLE_MODULES = YES;
				CLANG_ENABLE_OBJC_ARC = YES;
				CLANG_ENABLE_OBJC_WEAK = YES;
				CLANG_WARN_BLOCK_CAPTURE_AUTORELEASING = YES;
				CLANG_WARN_BOOL_CONVERSION = YES;
				CLANG_WARN_COMMA = YES;
				CLANG_WARN_CONSTANT_CONVERSION = YES;
				CLANG_WARN_DEPRECATED_OBJC_IMPLEMENTATIONS = YES;
				CLANG_WARN_DIRECT_OBJC_ISA_USAGE = YES_ERROR;
				CLANG_WARN_DOCUMENTATION_COMMENTS = YES;
				CLANG_WARN_EMPTY_BODY = YES;
				CLANG_WARN_ENUM_CONVERSION = YES;
				CLANG_WARN_INFINITE_RECURSION = YES;
				CLANG_WARN_INT_CONVERSION = YES;
				CLANG_WARN_NON_LITERAL_NULL_CONVERSION = YES;
				CLANG_WARN_OBJC_IMPLICIT_RETAIN_SELF = YES;
				CLANG_WARN_OBJC_LITERAL_CONVERSION = YES;
				CLANG_WARN_OBJC_ROOT_CLASS = YES_ERROR;
				CLANG_WARN_QUOTED_INCLUDE_IN_FRAMEWORK_HEADER = YES;
				CLANG_WARN_RANGE_LOOP_ANALYSIS = YES;
				CLANG_WARN_STRICT_PROTOTYPES = YES;
				CLANG_WARN_SUSPICIOUS_MOVE = YES;
				CLANG_WARN_UNGUARDED_AVAILABILITY = YES_AGGRESSIVE;
				CLANG_WARN_UNREACHABLE_CODE = YES;
				CLANG_WARN__DUPLICATE_METHOD_MATCH = YES;
				COPY_PHASE_STRIP = NO;
				DEBUG_INFORMATION_FORMAT = "dwarf-with-dsym";
				ENABLE_NS_ASSERTIONS = NO;
				ENABLE_STRICT_OBJC_MSGSEND = YES;
				GCC_C_LANGUAGE_STANDARD = gnu11;
				GCC_NO_COMMON_BLOCKS = YES;
				GCC_WARN_64_TO_32_BIT_CONVERSION = YES;
				GCC_WARN_ABOUT_RETURN_TYPE = YES_ERROR;
				GCC_WARN_UNDECLARED_SELECTOR = YES;
				GCC_WARN_UNINITIALIZED_AUTOS = YES_AGGRESSIVE;
				GCC_WARN_UNUSED_FUNCTION = YES;
				GCC_WARN_UNUSED_VARIABLE = YES;
				IPHONEOS_DEPLOYMENT_TARGET = 15.4;
				MTL_ENABLE_DEBUG_INFO = NO;
				MTL_FAST_MATH = YES;
				SDKROOT = iphoneos;
				SWIFT_COMPILATION_MODE = wholemodule;
				SWIFT_OPTIMIZATION_LEVEL = "-O";
				VALIDATE_PRODUCT = YES;
			};
			name = Release;
		};
		09DE60052818A0FE00B3D4F3 /* Debug */ = {
			isa = XCBuildConfiguration;
			buildSettings = {
				ASSETCATALOG_COMPILER_APPICON_NAME = AppIcon;
				ASSETCATALOG_COMPILER_GLOBAL_ACCENT_COLOR_NAME = AccentColor;
				CODE_SIGN_STYLE = Automatic;
				CURRENT_PROJECT_VERSION = 1;
				DEVELOPMENT_TEAM = MJRU89VM8S;
				GENERATE_INFOPLIST_FILE = YES;
				INFOPLIST_FILE = lifecounter2/Info.plist;
				INFOPLIST_KEY_CFBundleDisplayName = "Life Counter 2";
				INFOPLIST_KEY_UIApplicationSupportsIndirectInputEvents = YES;
				INFOPLIST_KEY_UILaunchStoryboardName = LaunchScreen;
				INFOPLIST_KEY_UIMainStoryboardFile = Main;
				INFOPLIST_KEY_UISupportedInterfaceOrientations_iPad = "UIInterfaceOrientationPortrait UIInterfaceOrientationPortraitUpsideDown UIInterfaceOrientationLandscapeLeft UIInterfaceOrientationLandscapeRight";
				INFOPLIST_KEY_UISupportedInterfaceOrientations_iPhone = "UIInterfaceOrientationPortrait UIInterfaceOrientationLandscapeLeft UIInterfaceOrientationLandscapeRight";
				LD_RUNPATH_SEARCH_PATHS = (
					"$(inherited)",
					"@executable_path/Frameworks",
				);
				MARKETING_VERSION = 1.0;
				PRODUCT_BUNDLE_IDENTIFIER = "info449.yilin-chen.a1.lifecounter2";
				PRODUCT_NAME = "$(TARGET_NAME)";
				SWIFT_EMIT_LOC_STRINGS = YES;
				SWIFT_VERSION = 5.0;
				TARGETED_DEVICE_FAMILY = "1,2";
			};
			name = Debug;
		};
		09DE60062818A0FE00B3D4F3 /* Release */ = {
			isa = XCBuildConfiguration;
			buildSettings = {
				ASSETCATALOG_COMPILER_APPICON_NAME = AppIcon;
				ASSETCATALOG_COMPILER_GLOBAL_ACCENT_COLOR_NAME = AccentColor;
				CODE_SIGN_STYLE = Automatic;
				CURRENT_PROJECT_VERSION = 1;
				DEVELOPMENT_TEAM = MJRU89VM8S;
				GENERATE_INFOPLIST_FILE = YES;
				INFOPLIST_FILE = lifecounter2/Info.plist;
				INFOPLIST_KEY_CFBundleDisplayName = "Life Counter 2";
				INFOPLIST_KEY_UIApplicationSupportsIndirectInputEvents = YES;
				INFOPLIST_KEY_UILaunchStoryboardName = LaunchScreen;
				INFOPLIST_KEY_UIMainStoryboardFile = Main;
				INFOPLIST_KEY_UISupportedInterfaceOrientations_iPad = "UIInterfaceOrientationPortrait UIInterfaceOrientationPortraitUpsideDown UIInterfaceOrientationLandscapeLeft UIInterfaceOrientationLandscapeRight";
				INFOPLIST_KEY_UISupportedInterfaceOrientations_iPhone = "UIInterfaceOrientationPortrait UIInterfaceOrientationLandscapeLeft UIInterfaceOrientationLandscapeRight";
				LD_RUNPATH_SEARCH_PATHS = (
					"$(inherited)",
					"@executable_path/Frameworks",
				);
				MARKETING_VERSION = 1.0;
				PRODUCT_BUNDLE_IDENTIFIER = "info449.yilin-chen.a1.lifecounter2";
				PRODUCT_NAME = "$(TARGET_NAME)";
				SWIFT_EMIT_LOC_STRINGS = YES;
				SWIFT_VERSION = 5.0;
				TARGETED_DEVICE_FAMILY = "1,2";
			};
			name = Release;
		};
/* End XCBuildConfiguration section */

/* Begin XCConfigurationList section */
		09DE5FEB2818A0FC00B3D4F3 /* Build configuration list for PBXProject "lifecounter2" */ = {
			isa = XCConfigurationList;
			buildConfigurations = (
				09DE60022818A0FE00B3D4F3 /* Debug */,
				09DE60032818A0FE00B3D4F3 /* Release */,
			);
			defaultConfigurationIsVisible = 0;
			defaultConfigurationName = Release;
		};
		09DE60042818A0FE00B3D4F3 /* Build configuration list for PBXNativeTarget "lifecounter2" */ = {
			isa = XCConfigurationList;
			buildConfigurations = (
				09DE60052818A0FE00B3D4F3 /* Debug */,
				09DE60062818A0FE00B3D4F3 /* Release */,
			);
			defaultConfigurationIsVisible = 0;
			defaultConfigurationName = Release;
		};
/* End XCConfigurationList section */
	};
	rootObject = 09DE5FE82818A0FC00B3D4F3 /* Project object */;
}
